
Microsoft Visual Studio Solution File, Format Version 12.00
# Visual Studio Version 17
VisualStudioVersion = 17.9.34728.123
MinimumVisualStudioVersion = 10.0.40219.1
Project("{FAE04EC0-301F-11D3-BF4B-00C04F79EFBC}") = "EmployeeTask", "EmployeeTask.csproj", "{822E7E81-72E1-4A37-9A7A-9CF3F27D9150}"
EndProject
Global
	GlobalSection(SolutionConfigurationPlatforms) = preSolution
		Debug|Any CPU = Debug|Any CPU
		Release|Any CPU = Release|Any CPU
	EndGlobalSection
	GlobalSection(ProjectConfigurationPlatforms) = postSolution
		{822E7E81-72E1-4A37-9A7A-9CF3F27D9150}.Debug|Any CPU.ActiveCfg = Debug|Any CPU
		{822E7E81-72E1-4A37-9A7A-9CF3F27D9150}.Debug|Any CPU.Build.0 = Debug|Any CPU
		{822E7E81-72E1-4A37-9A7A-9CF3F27D9150}.Release|Any CPU.ActiveCfg = Release|Any CPU
		{822E7E81-72E1-4A37-9A7A-9CF3F27D9150}.Release|Any CPU.Build.0 = Release|Any CPU
	EndGlobalSection
	GlobalSection(SolutionProperties) = preSolution
		HideSolutionNode = FALSE
	EndGlobalSection
	GlobalSection(ExtensibilityGlobals) = postSolution
		SolutionGuid = {2D086C70-ADAC-4E2D-8E0F-94ADBA0D293B}
	EndGlobalSection
EndGlobal
